{
  "name": "@monadic-node/core",
  "version": "0.0.1",
  "lockfileVersion": 1,
  "requires": true,
  "dependencies": {
    "buffer-from": {
      "version": "1.1.1",
      "resolved": "https://globaldevtools.bbva.com:443/artifactory/api/npm/npm-repo/buffer-from/-/buffer-from-1.1.1.tgz",
      "integrity": "sha1-MnE7wCj3XAL9txDXx7zsHyxgcO8=",
      "dev": true
    },
    "commander": {
      "version": "2.17.1",
      "resolved": "https://globaldevtools.bbva.com:443/artifactory/api/npm/npm-repo/commander/-/commander-2.17.1.tgz",
      "integrity": "sha1-vXerfebelCBc6sxy8XFtKfIKd78=",
      "dev": true
    },
    "concat-stream": {
      "version": "2.0.0",
      "resolved": "https://globaldevtools.bbva.com:443/artifactory/api/npm/npm-repo/concat-stream/-/concat-stream-2.0.0.tgz",
      "integrity": "sha1-QUz1r3kKSMYKub5FJ9VtXkETPLE=",
      "dev": true,
      "requires": {
        "buffer-from": "^1.0.0",
        "inherits": "^2.0.3",
        "readable-stream": "^3.0.2",
        "typedarray": "^0.0.6"
      }
    },
    "convert-source-map": {
      "version": "1.7.0",
      "resolved": "https://globaldevtools.bbva.com:443/artifactory/api/npm/npm-repo/convert-source-map/-/convert-source-map-1.7.0.tgz",
      "integrity": "sha1-F6LLiC1/d9NJBYXizmxSRCSjpEI=",
      "dev": true,
      "requires": {
        "safe-buffer": "~5.1.1"
      },
      "dependencies": {
        "safe-buffer": {
          "version": "5.1.2",
          "resolved": "https://globaldevtools.bbva.com:443/artifactory/api/npm/npm-repo/safe-buffer/-/safe-buffer-5.1.2.tgz",
          "integrity": "sha1-mR7GnSluAxN0fVm9/St0XDX4go0=",
          "dev": true
        }
      }
    },
    "core-util-is": {
      "version": "1.0.2",
      "resolved": "https://globaldevtools.bbva.com:443/artifactory/api/npm/npm-repo/core-util-is/-/core-util-is-1.0.2.tgz",
      "integrity": "sha1-tf1UIgqivFq1eqtxQMlAdUUDwac=",
      "dev": true
    },
    "crocks": {
      "version": "0.12.4",
      "resolved": "https://globaldevtools.bbva.com:443/artifactory/api/npm/npm-repo/crocks/-/crocks-0.12.4.tgz",
      "integrity": "sha1-tKRRL2TpDELTE3XhopAqD51LSRY="
    },
    "daggy": {
      "version": "1.4.0",
      "resolved": "https://globaldevtools.bbva.com:443/artifactory/api/npm/npm-repo/daggy/-/daggy-1.4.0.tgz",
      "integrity": "sha1-F4tHIoZuHI+se5HUu/Fx03Z8FXM=",
      "requires": {
        "sanctuary-type-classes": "3.0.0",
        "sanctuary-type-identifiers": "1.0.0"
      }
    },
    "deep-equal": {
      "version": "2.0.1",
      "resolved": "https://globaldevtools.bbva.com:443/artifactory/api/npm/npm-repo/deep-equal/-/deep-equal-2.0.1.tgz",
      "integrity": "sha1-/BK71oUOkyEvITRHSGgszFqIE88=",
      "requires": {
        "es-abstract": "^1.16.3",
        "es-get-iterator": "^1.0.1",
        "is-arguments": "^1.0.4",
        "is-date-object": "^1.0.1",
        "is-regex": "^1.0.4",
        "isarray": "^2.0.5",
        "object-is": "^1.0.1",
        "object-keys": "^1.1.1",
        "regexp.prototype.flags": "^1.2.0",
        "side-channel": "^1.0.1",
        "which-boxed-primitive": "^1.0.1",
        "which-collection": "^1.0.0"
      },
      "dependencies": {
        "isarray": {
          "version": "2.0.5",
          "resolved": "https://globaldevtools.bbva.com:443/artifactory/api/npm/npm-repo/isarray/-/isarray-2.0.5.tgz",
          "integrity": "sha1-ivHkwSISRMxiRZ+vOJQNTmRKVyM="
        }
      }
    },
    "define-properties": {
      "version": "1.1.3",
      "resolved": "https://globaldevtools.bbva.com:443/artifactory/api/npm/npm-repo/define-properties/-/define-properties-1.1.3.tgz",
      "integrity": "sha1-z4jabL7ib+bbcJT2HYcMvYTO6fE=",
      "requires": {
        "object-keys": "^1.0.12"
      }
    },
    "duplexer": {
      "version": "0.1.1",
      "resolved": "https://globaldevtools.bbva.com:443/artifactory/api/npm/npm-repo/duplexer/-/duplexer-0.1.1.tgz",
      "integrity": "sha1-rOb/gIwc5mtX0ev5eXessCM0z8E="
    },
    "duplexify": {
      "version": "4.1.1",
      "resolved": "https://globaldevtools.bbva.com:443/artifactory/api/npm/npm-repo/duplexify/-/duplexify-4.1.1.tgz",
      "integrity": "sha1-cCfcN08VexIqiuCMLT6k0tlTqmE=",
      "dev": true,
      "requires": {
        "end-of-stream": "^1.4.1",
        "inherits": "^2.0.3",
        "readable-stream": "^3.1.1",
        "stream-shift": "^1.0.0"
      }
    },
    "end-of-stream": {
      "version": "1.4.4",
      "resolved": "https://globaldevtools.bbva.com:443/artifactory/api/npm/npm-repo/end-of-stream/-/end-of-stream-1.4.4.tgz",
      "integrity": "sha1-WuZKX0UFe682JuwU2gyl5LJDHrA=",
      "dev": true,
      "requires": {
        "once": "^1.4.0"
      }
    },
    "es-abstract": {
      "version": "1.17.4",
      "resolved": "https://globaldevtools.bbva.com:443/artifactory/api/npm/npm-repo/es-abstract/-/es-abstract-1.17.4.tgz",
      "integrity": "sha1-467fGXBrIOfCWUw1/A1XYFp54YQ=",
      "requires": {
        "es-to-primitive": "^1.2.1",
        "function-bind": "^1.1.1",
        "has": "^1.0.3",
        "has-symbols": "^1.0.1",
        "is-callable": "^1.1.5",
        "is-regex": "^1.0.5",
        "object-inspect": "^1.7.0",
        "object-keys": "^1.1.1",
        "object.assign": "^4.1.0",
        "string.prototype.trimleft": "^2.1.1",
        "string.prototype.trimright": "^2.1.1"
      }
    },
    "es-get-iterator": {
      "version": "1.1.0",
      "resolved": "https://globaldevtools.bbva.com:443/artifactory/api/npm/npm-repo/es-get-iterator/-/es-get-iterator-1.1.0.tgz",
      "integrity": "sha1-u5itnW1jsxqs3I+J1dDuV7y1tMg=",
      "requires": {
        "es-abstract": "^1.17.4",
        "has-symbols": "^1.0.1",
        "is-arguments": "^1.0.4",
        "is-map": "^2.0.1",
        "is-set": "^2.0.1",
        "is-string": "^1.0.5",
        "isarray": "^2.0.5"
      },
      "dependencies": {
        "isarray": {
          "version": "2.0.5",
          "resolved": "https://globaldevtools.bbva.com:443/artifactory/api/npm/npm-repo/isarray/-/isarray-2.0.5.tgz",
          "integrity": "sha1-ivHkwSISRMxiRZ+vOJQNTmRKVyM="
        }
      }
    },
    "es-to-primitive": {
      "version": "1.2.1",
      "resolved": "https://globaldevtools.bbva.com:443/artifactory/api/npm/npm-repo/es-to-primitive/-/es-to-primitive-1.2.1.tgz",
      "integrity": "sha1-5VzUyc3BiLzvsDs2bHNjI/xciYo=",
      "requires": {
        "is-callable": "^1.1.4",
        "is-date-object": "^1.0.1",
        "is-symbol": "^1.0.2"
      }
    },
    "event-stream": {
      "version": "4.0.1",
      "resolved": "https://globaldevtools.bbva.com:443/artifactory/api/npm/npm-repo/event-stream/-/event-stream-4.0.1.tgz",
      "integrity": "sha1-QJKAjsmV0N116kWAwd9qdNss3mU=",
      "requires": {
        "duplexer": "^0.1.1",
        "from": "^0.1.7",
        "map-stream": "0.0.7",
        "pause-stream": "^0.0.11",
        "split": "^1.0.1",
        "stream-combiner": "^0.2.2",
        "through": "^2.3.8"
      }
    },
    "fantasy-land": {
      "version": "4.0.1",
      "resolved": "https://globaldevtools.bbva.com:443/artifactory/api/npm/npm-repo/fantasy-land/-/fantasy-land-4.0.1.tgz",
      "integrity": "sha1-b52O95cd6D5kI4reAZ3mCZoejS4="
    },
    "from": {
      "version": "0.1.7",
      "resolved": "https://globaldevtools.bbva.com:443/artifactory/api/npm/npm-repo/from/-/from-0.1.7.tgz",
      "integrity": "sha1-g8YK/Fi5xWmXAH7Rp2izqzA6RP4="
    },
    "from2": {
      "version": "2.3.0",
      "resolved": "https://globaldevtools.bbva.com:443/artifactory/api/npm/npm-repo/from2/-/from2-2.3.0.tgz",
      "integrity": "sha1-i/tVAr3kpNNs/e6gB/zKIdfjgq8=",
      "dev": true,
      "requires": {
        "inherits": "^2.0.1",
        "readable-stream": "^2.0.0"
      },
      "dependencies": {
        "readable-stream": {
          "version": "2.3.7",
          "resolved": "https://globaldevtools.bbva.com:443/artifactory/api/npm/npm-repo/readable-stream/-/readable-stream-2.3.7.tgz",
          "integrity": "sha1-Hsoc9xGu+BTAT2IlKjamL2yyO1c=",
          "dev": true,
          "requires": {
            "core-util-is": "~1.0.0",
            "inherits": "~2.0.3",
            "isarray": "~1.0.0",
            "process-nextick-args": "~2.0.0",
            "safe-buffer": "~5.1.1",
            "string_decoder": "~1.1.1",
            "util-deprecate": "~1.0.1"
          }
        },
        "safe-buffer": {
          "version": "5.1.2",
          "resolved": "https://globaldevtools.bbva.com:443/artifactory/api/npm/npm-repo/safe-buffer/-/safe-buffer-5.1.2.tgz",
          "integrity": "sha1-mR7GnSluAxN0fVm9/St0XDX4go0=",
          "dev": true
        },
        "string_decoder": {
          "version": "1.1.1",
          "resolved": "https://globaldevtools.bbva.com:443/artifactory/api/npm/npm-repo/string_decoder/-/string_decoder-1.1.1.tgz",
          "integrity": "sha1-nPFhG6YmhdcDCunkujQUnDrwP8g=",
          "dev": true,
          "requires": {
            "safe-buffer": "~5.1.0"
          }
        }
      }
    },
    "from2-string": {
      "version": "1.1.0",
      "resolved": "https://globaldevtools.bbva.com:443/artifactory/api/npm/npm-repo/from2-string/-/from2-string-1.1.0.tgz",
      "integrity": "sha1-GCgrJ9CKJnyzAwzSuLSw8hKvdSo=",
      "dev": true,
      "requires": {
        "from2": "^2.0.3"
      }
    },
    "function-bind": {
      "version": "1.1.1",
      "resolved": "https://globaldevtools.bbva.com:443/artifactory/api/npm/npm-repo/function-bind/-/function-bind-1.1.1.tgz",
      "integrity": "sha1-pWiZ0+o8m6uHS7l3O3xe3pL0iV0="
    },
    "has": {
      "version": "1.0.3",
      "resolved": "https://globaldevtools.bbva.com:443/artifactory/api/npm/npm-repo/has/-/has-1.0.3.tgz",
      "integrity": "sha1-ci18v8H2qoJB8W3YFOAR4fQeh5Y=",
      "requires": {
        "function-bind": "^1.1.1"
      }
    },
    "has-symbols": {
      "version": "1.0.1",
      "resolved": "https://globaldevtools.bbva.com:443/artifactory/api/npm/npm-repo/has-symbols/-/has-symbols-1.0.1.tgz",
      "integrity": "sha1-n1IUdYpEGWxAbZvXbOv4HsLdMeg="
    },
    "inherits": {
      "version": "2.0.4",
      "resolved": "https://globaldevtools.bbva.com:443/artifactory/api/npm/npm-repo/inherits/-/inherits-2.0.4.tgz",
      "integrity": "sha1-D6LGT5MpF8NDOg3tVTY6rjdBa3w="
    },
    "is-arguments": {
      "version": "1.0.4",
      "resolved": "https://globaldevtools.bbva.com:443/artifactory/api/npm/npm-repo/is-arguments/-/is-arguments-1.0.4.tgz",
      "integrity": "sha1-P6+WbHy6D/Q3+zH2JQCC/PBEjPM="
    },
    "is-bigint": {
      "version": "1.0.0",
      "resolved": "https://globaldevtools.bbva.com:443/artifactory/api/npm/npm-repo/is-bigint/-/is-bigint-1.0.0.tgz",
      "integrity": "sha1-c9qMMyCNAPEw6bXhXSPqySFWAcQ="
    },
    "is-boolean-object": {
      "version": "1.0.1",
      "resolved": "https://globaldevtools.bbva.com:443/artifactory/api/npm/npm-repo/is-boolean-object/-/is-boolean-object-1.0.1.tgz",
      "integrity": "sha1-EO3AkA3RJ2l6kvb5gHx2F9aKxI4="
    },
    "is-callable": {
      "version": "1.1.5",
      "resolved": "https://globaldevtools.bbva.com:443/artifactory/api/npm/npm-repo/is-callable/-/is-callable-1.1.5.tgz",
      "integrity": "sha1-9+RrWWiQRW23Tn9ul2yzJz0G+qs="
    },
    "is-date-object": {
      "version": "1.0.2",
      "resolved": "https://globaldevtools.bbva.com:443/artifactory/api/npm/npm-repo/is-date-object/-/is-date-object-1.0.2.tgz",
      "integrity": "sha1-vac28s2P0G0yhE53Q7+nSUw7/X4="
    },
    "is-map": {
      "version": "2.0.1",
      "resolved": "https://globaldevtools.bbva.com:443/artifactory/api/npm/npm-repo/is-map/-/is-map-2.0.1.tgz",
      "integrity": "sha1-Ug2vxDB7uOvDO4E95c58lADWRKE="
    },
    "is-number-object": {
      "version": "1.0.4",
      "resolved": "https://globaldevtools.bbva.com:443/artifactory/api/npm/npm-repo/is-number-object/-/is-number-object-1.0.4.tgz",
      "integrity": "sha1-NqyV50HPGLKD/B3fXoPaeY4+wZc="
    },
    "is-regex": {
      "version": "1.0.5",
      "resolved": "https://globaldevtools.bbva.com:443/artifactory/api/npm/npm-repo/is-regex/-/is-regex-1.0.5.tgz",
      "integrity": "sha1-OdWJo1i/GJZ/cmlnEguPwa7XTq4=",
      "requires": {
        "has": "^1.0.3"
      }
    },
    "is-set": {
      "version": "2.0.1",
      "resolved": "https://globaldevtools.bbva.com:443/artifactory/api/npm/npm-repo/is-set/-/is-set-2.0.1.tgz",
      "integrity": "sha1-0WBK/asXJJhtMAkVdfVJRdp+X0M="
    },
    "is-string": {
      "version": "1.0.5",
      "resolved": "https://globaldevtools.bbva.com:443/artifactory/api/npm/npm-repo/is-string/-/is-string-1.0.5.tgz",
      "integrity": "sha1-QEk+0ZjvP/R3uMf5L2ROyCpc06Y="
    },
    "is-symbol": {
      "version": "1.0.3",
      "resolved": "https://globaldevtools.bbva.com:443/artifactory/api/npm/npm-repo/is-symbol/-/is-symbol-1.0.3.tgz",
      "integrity": "sha1-OOEBS55jKb4N6dJKQU/XRB7GGTc=",
      "requires": {
        "has-symbols": "^1.0.1"
      }
    },
    "is-weakmap": {
      "version": "2.0.1",
      "resolved": "https://globaldevtools.bbva.com:443/artifactory/api/npm/npm-repo/is-weakmap/-/is-weakmap-2.0.1.tgz",
      "integrity": "sha1-UAi1m9xDtpggHRj2KzeyyiQ+jPI="
    },
    "is-weakset": {
      "version": "2.0.1",
      "resolved": "https://globaldevtools.bbva.com:443/artifactory/api/npm/npm-repo/is-weakset/-/is-weakset-2.0.1.tgz",
      "integrity": "sha1-6aCviNvXUVifXlDYD0yYt4CIT4M="
    },
    "isarray": {
      "version": "1.0.0",
      "resolved": "https://globaldevtools.bbva.com:443/artifactory/api/npm/npm-repo/isarray/-/isarray-1.0.0.tgz",
      "integrity": "sha1-u5NdSFgsuhaMBoNJV6VKPgcSTxE=",
      "dev": true
    },
    "map-stream": {
      "version": "0.0.7",
      "resolved": "https://globaldevtools.bbva.com:443/artifactory/api/npm/npm-repo/map-stream/-/map-stream-0.0.7.tgz",
      "integrity": "sha1-ih8HiW2CsQkmvTdEokIACfiJdKg="
    },
    "minify-stream": {
      "version": "1.2.1",
      "resolved": "https://globaldevtools.bbva.com:443/artifactory/api/npm/npm-repo/minify-stream/-/minify-stream-1.2.1.tgz",
      "integrity": "sha1-5lM26tNL2OYhCfNfJo+Hu4sePrg=",
      "dev": true,
      "requires": {
        "concat-stream": "^2.0.0",
        "convert-source-map": "^1.5.0",
        "duplexify": "^4.1.1",
        "from2-string": "^1.1.0",
        "terser": "3.16.1",
        "xtend": "^4.0.1"
      }
    },
    "object-inspect": {
      "version": "1.7.0",
      "resolved": "https://globaldevtools.bbva.com:443/artifactory/api/npm/npm-repo/object-inspect/-/object-inspect-1.7.0.tgz",
      "integrity": "sha1-9Pa9GBrXfwBrXs5gvQtvOY/3Smc="
    },
    "object-is": {
      "version": "1.0.2",
      "resolved": "https://globaldevtools.bbva.com:443/artifactory/api/npm/npm-repo/object-is/-/object-is-1.0.2.tgz",
      "integrity": "sha1-a4DrhP5FFJj2UAeYLwNaW0Re3sQ="
    },
    "object-keys": {
      "version": "1.1.1",
      "resolved": "https://globaldevtools.bbva.com:443/artifactory/api/npm/npm-repo/object-keys/-/object-keys-1.1.1.tgz",
      "integrity": "sha1-HEfyct8nfzsdrwYWd9nILiMixg4="
    },
    "object.assign": {
      "version": "4.1.0",
      "resolved": "https://globaldevtools.bbva.com:443/artifactory/api/npm/npm-repo/object.assign/-/object.assign-4.1.0.tgz",
      "integrity": "sha1-lovxEA15Vrs8oIbwBvhGs7xACNo=",
      "requires": {
        "define-properties": "^1.1.2",
        "function-bind": "^1.1.1",
        "has-symbols": "^1.0.0",
        "object-keys": "^1.0.11"
      }
    },
    "once": {
      "version": "1.4.0",
      "resolved": "https://globaldevtools.bbva.com:443/artifactory/api/npm/npm-repo/once/-/once-1.4.0.tgz",
      "integrity": "sha1-WDsap3WWHUsROsF9nFC6753Xa9E=",
      "dev": true,
      "requires": {
        "wrappy": "1"
      }
    },
    "pause-stream": {
      "version": "0.0.11",
      "resolved": "https://globaldevtools.bbva.com:443/artifactory/api/npm/npm-repo/pause-stream/-/pause-stream-0.0.11.tgz",
      "integrity": "sha1-/lo0sMvOErWqaitAPuLnO2AvFEU=",
      "requires": {
        "through": "~2.3"
      }
    },
    "process-nextick-args": {
      "version": "2.0.1",
      "resolved": "https://globaldevtools.bbva.com:443/artifactory/api/npm/npm-repo/process-nextick-args/-/process-nextick-args-2.0.1.tgz",
      "integrity": "sha1-eCDZsWEgzFXKmud5JoCufbptf+I=",
      "dev": true
    },
    "ramda": {
      "version": "0.27.0",
      "resolved": "https://globaldevtools.bbva.com:443/artifactory/api/npm/npm-repo/ramda/-/ramda-0.27.0.tgz",
      "integrity": "sha1-kV3CmGXAgAvz9puP1sJ5iYtZ3kM="
    },
    "readable-stream": {
      "version": "3.6.0",
      "resolved": "https://globaldevtools.bbva.com:443/artifactory/api/npm/npm-repo/readable-stream/-/readable-stream-3.6.0.tgz",
      "integrity": "sha1-M3u9o63AcGvT4CRCaihtS0sskZg=",
      "requires": {
        "inherits": "^2.0.3",
        "string_decoder": "^1.1.1",
        "util-deprecate": "^1.0.1"
      }
    },
    "regexp.prototype.flags": {
      "version": "1.3.0",
      "resolved": "https://globaldevtools.bbva.com:443/artifactory/api/npm/npm-repo/regexp.prototype.flags/-/regexp.prototype.flags-1.3.0.tgz",
      "integrity": "sha1-erqJs8E6ZFCdq888qNn7ub31y3U=",
      "requires": {
        "define-properties": "^1.1.3",
        "es-abstract": "^1.17.0-next.1"
      }
    },
    "safe-buffer": {
      "version": "5.2.0",
      "resolved": "https://globaldevtools.bbva.com:443/artifactory/api/npm/npm-repo/safe-buffer/-/safe-buffer-5.2.0.tgz",
      "integrity": "sha1-t02uxJsRSPiMZLaNSbHoFcHy9Rk="
    },
    "sanctuary-type-classes": {
      "version": "3.0.0",
      "resolved": "https://globaldevtools.bbva.com:443/artifactory/api/npm/npm-repo/sanctuary-type-classes/-/sanctuary-type-classes-3.0.0.tgz",
      "integrity": "sha1-5M9CKrzrjHi29iXYTWH9tcbUQRY=",
      "requires": {
        "sanctuary-type-identifiers": "1.0.x"
      }
    },
    "sanctuary-type-identifiers": {
      "version": "1.0.0",
      "resolved": "https://globaldevtools.bbva.com:443/artifactory/api/npm/npm-repo/sanctuary-type-identifiers/-/sanctuary-type-identifiers-1.0.0.tgz",
      "integrity": "sha1-6PNZ8AbLXmJM+4RkYD/BFGCL3p8="
    },
    "side-channel": {
      "version": "1.0.2",
      "resolved": "https://globaldevtools.bbva.com:443/artifactory/api/npm/npm-repo/side-channel/-/side-channel-1.0.2.tgz",
      "integrity": "sha1-310auttOS/SvHNiFK/Ey0veHaUc=",
      "requires": {
        "es-abstract": "^1.17.0-next.1",
        "object-inspect": "^1.7.0"
      }
    },
    "source-map": {
      "version": "0.6.1",
      "resolved": "https://globaldevtools.bbva.com:443/artifactory/api/npm/npm-repo/source-map/-/source-map-0.6.1.tgz",
      "integrity": "sha1-dHIq8y6WFOnCh6jQu95IteLxomM=",
      "dev": true
    },
    "source-map-support": {
      "version": "0.5.16",
      "resolved": "https://globaldevtools.bbva.com:443/artifactory/api/npm/npm-repo/source-map-support/-/source-map-support-0.5.16.tgz",
      "integrity": "sha1-CuBp5/47p1OMZMmFFeNTOerFoEI=",
      "dev": true,
      "requires": {
        "buffer-from": "^1.0.0",
        "source-map": "^0.6.0"
      }
    },
    "split": {
      "version": "1.0.1",
      "resolved": "https://globaldevtools.bbva.com:443/artifactory/api/npm/npm-repo/split/-/split-1.0.1.tgz",
      "integrity": "sha1-YFvZvjA6pZ+zX5Ip++oN3snqB9k=",
      "requires": {
        "through": "2"
      }
    },
    "stream-combiner": {
      "version": "0.2.2",
      "resolved": "https://globaldevtools.bbva.com:443/artifactory/api/npm/npm-repo/stream-combiner/-/stream-combiner-0.2.2.tgz",
      "integrity": "sha1-rsjLrBd7Vrb0+kec7YwZEs7lKFg=",
      "requires": {
        "duplexer": "~0.1.1",
        "through": "~2.3.4"
      }
    },
    "stream-reduce": {
      "version": "1.0.3",
      "resolved": "https://globaldevtools.bbva.com:443/artifactory/api/npm/npm-repo/stream-reduce/-/stream-reduce-1.0.3.tgz",
      "integrity": "sha1-VtNiH6hDcGGa5AL/wEaFKJkbNqk=",
      "requires": {
        "through": "~2.3.4"
      }
    },
    "stream-shift": {
      "version": "1.0.1",
      "resolved": "https://globaldevtools.bbva.com:443/artifactory/api/npm/npm-repo/stream-shift/-/stream-shift-1.0.1.tgz",
      "integrity": "sha1-1wiCgVWasneEJCebCHfaPDktWj0=",
      "dev": true
    },
    "string.prototype.trimleft": {
      "version": "2.1.1",
      "resolved": "https://globaldevtools.bbva.com:443/artifactory/api/npm/npm-repo/string.prototype.trimleft/-/string.prototype.trimleft-2.1.1.tgz",
      "integrity": "sha1-m9uKxqvW1gKxek7TIYcNL43O/HQ=",
      "requires": {
        "define-properties": "^1.1.3",
        "function-bind": "^1.1.1"
      }
    },
    "string.prototype.trimright": {
      "version": "2.1.1",
      "resolved": "https://globaldevtools.bbva.com:443/artifactory/api/npm/npm-repo/string.prototype.trimright/-/string.prototype.trimright-2.1.1.tgz",
      "integrity": "sha1-RAMUsVmWyGbOigNBiU1FGGIAxdk=",
      "requires": {
        "define-properties": "^1.1.3",
        "function-bind": "^1.1.1"
      }
    },
    "string_decoder": {
      "version": "1.3.0",
      "resolved": "https://globaldevtools.bbva.com:443/artifactory/api/npm/npm-repo/string_decoder/-/string_decoder-1.3.0.tgz",
      "integrity": "sha1-QvEUWUpGzxqOMLCoT1bHjD7awh4=",
      "requires": {
        "safe-buffer": "~5.2.0"
      }
    },
    "terser": {
      "version": "3.16.1",
      "resolved": "https://globaldevtools.bbva.com:443/artifactory/api/npm/npm-repo/terser/-/terser-3.16.1.tgz",
      "integrity": "sha1-Ww3U+h/9CwtDwkk7LDZP0XkWBJM=",
      "dev": true,
      "requires": {
        "commander": "~2.17.1",
        "source-map": "~0.6.1",
        "source-map-support": "~0.5.9"
      }
    },
    "through": {
      "version": "2.3.8",
      "resolved": "https://globaldevtools.bbva.com:443/artifactory/api/npm/npm-repo/through/-/through-2.3.8.tgz",
      "integrity": "sha1-DdTJ/6q8NXlgsbckEV1+Doai4fU="
    },
    "typedarray": {
      "version": "0.0.6",
      "resolved": "https://globaldevtools.bbva.com:443/artifactory/api/npm/npm-repo/typedarray/-/typedarray-0.0.6.tgz",
      "integrity": "sha1-hnrHTjhkGHsdPUfZlqeOxciDB3c=",
      "dev": true
    },
    "util-deprecate": {
      "version": "1.0.2",
      "resolved": "https://globaldevtools.bbva.com:443/artifactory/api/npm/npm-repo/util-deprecate/-/util-deprecate-1.0.2.tgz",
      "integrity": "sha1-RQ1Nyfpw3nMnYvvS1KKJgUGaDM8="
    },
    "which-boxed-primitive": {
      "version": "1.0.1",
      "resolved": "https://globaldevtools.bbva.com:443/artifactory/api/npm/npm-repo/which-boxed-primitive/-/which-boxed-primitive-1.0.1.tgz",
      "integrity": "sha1-y+j4OOvpG6JHG7aentvaZ6taXsE=",
      "requires": {
        "is-bigint": "^1.0.0",
        "is-boolean-object": "^1.0.0",
        "is-number-object": "^1.0.3",
        "is-string": "^1.0.4",
        "is-symbol": "^1.0.2"
      }
    },
    "which-collection": {
      "version": "1.0.1",
      "resolved": "https://globaldevtools.bbva.com:443/artifactory/api/npm/npm-repo/which-collection/-/which-collection-1.0.1.tgz",
      "integrity": "sha1-cOq3Hru9Ku+vMvkXCC/GLNy3CQY=",
      "requires": {
        "is-map": "^2.0.1",
        "is-set": "^2.0.1",
        "is-weakmap": "^2.0.1",
        "is-weakset": "^2.0.1"
      }
    },
    "wrappy": {
      "version": "1.0.2",
      "resolved": "https://globaldevtools.bbva.com:443/artifactory/api/npm/npm-repo/wrappy/-/wrappy-1.0.2.tgz",
      "integrity": "sha1-tSQ9jz7BqjXxNkYFvA0QNuMKtp8=",
      "dev": true
    },
    "xtend": {
      "version": "4.0.2",
      "resolved": "https://globaldevtools.bbva.com:443/artifactory/api/npm/npm-repo/xtend/-/xtend-4.0.2.tgz",
      "integrity": "sha1-u3J3n1+kZRhrH0OPZ0+jR/2121Q=",
      "dev": true
    }
  }
}
